
Microsoft Visual Studio Solution File, Format Version 12.00
# Visual Studio Version 16
VisualStudioVersion = 16.0.31624.102
MinimumVisualStudioVersion = 10.0.40219.1
Project("{FAE04EC0-301F-11D3-BF4B-00C04F79EFBC}") = "TestArrows", "TestArrows.csproj", "{971408C1-07B1-4E62-AE2D-D30A94C26B49}"
EndProject
Global
	GlobalSection(SolutionConfigurationPlatforms) = preSolution
		Debug|Any CPU = Debug|Any CPU
		Release|Any CPU = Release|Any CPU
	EndGlobalSection
	GlobalSection(ProjectConfigurationPlatforms) = postSolution
		{971408C1-07B1-4E62-AE2D-D30A94C26B49}.Debug|Any CPU.ActiveCfg = Debug|Any CPU
		{971408C1-07B1-4E62-AE2D-D30A94C26B49}.Debug|Any CPU.Build.0 = Debug|Any CPU
		{971408C1-07B1-4E62-AE2D-D30A94C26B49}.Release|Any CPU.ActiveCfg = Release|Any CPU
		{971408C1-07B1-4E62-AE2D-D30A94C26B49}.Release|Any CPU.Build.0 = Release|Any CPU
	EndGlobalSection
	GlobalSection(SolutionProperties) = preSolution
		HideSolutionNode = FALSE
	EndGlobalSection
	GlobalSection(ExtensibilityGlobals) = postSolution
		SolutionGuid = {67B336A8-BBF7-49B7-A380-0AC96CB2C296}
	EndGlobalSection
EndGlobal
